
Microsoft Visual Studio Solution File, Format Version 12.00
# Visual Studio Version 17
VisualStudioVersion = 17.10.35122.118
MinimumVisualStudioVersion = 10.0.40219.1
Project("{FAE04EC0-301F-11D3-BF4B-00C04F79EFBC}") = "PrimaryConstructors", "PrimaryConstructors\PrimaryConstructors.csproj", "{B85CFB4E-9038-4CF2-9F4D-58A2CE654919}"
EndProject
Global
	GlobalSection(SolutionConfigurationPlatforms) = preSolution
		Debug|Any CPU = Debug|Any CPU
		Release|Any CPU = Release|Any CPU
	EndGlobalSection
	GlobalSection(ProjectConfigurationPlatforms) = postSolution
		{B85CFB4E-9038-4CF2-9F4D-58A2CE654919}.Debug|Any CPU.ActiveCfg = Debug|Any CPU
		{B85CFB4E-9038-4CF2-9F4D-58A2CE654919}.Debug|Any CPU.Build.0 = Debug|Any CPU
		{B85CFB4E-9038-4CF2-9F4D-58A2CE654919}.Release|Any CPU.ActiveCfg = Release|Any CPU
		{B85CFB4E-9038-4CF2-9F4D-58A2CE654919}.Release|Any CPU.Build.0 = Release|Any CPU
	EndGlobalSection
	GlobalSection(SolutionProperties) = preSolution
		HideSolutionNode = FALSE
	EndGlobalSection
	GlobalSection(ExtensibilityGlobals) = postSolution
		SolutionGuid = {2B15A8E9-8FF3-43D8-A13F-D372164C26F7}
	EndGlobalSection
EndGlobal
